
Microsoft Visual Studio Solution File, Format Version 12.00
# Visual Studio 15
VisualStudioVersion = 15.0.27428.2005
MinimumVisualStudioVersion = 10.0.40219.1
Project("{8BC9CEB8-8B4A-11D0-8D11-00A0C91BC942}") = "Algor_Datastruct_lab3", "Algor_Datastruct_lab3\Algor_Datastruct_lab3.vcxproj", "{8022E869-2A83-4080-9614-7DEDE0257C27}"
EndProject
Global
	GlobalSection(SolutionConfigurationPlatforms) = preSolution
		Debug|x64 = Debug|x64
		Debug|x86 = Debug|x86
		Release|x64 = Release|x64
		Release|x86 = Release|x86
	EndGlobalSection
	GlobalSection(ProjectConfigurationPlatforms) = postSolution
		{8022E869-2A83-4080-9614-7DEDE0257C27}.Debug|x64.ActiveCfg = Debug|x64
		{8022E869-2A83-4080-9614-7DEDE0257C27}.Debug|x64.Build.0 = Debug|x64
		{8022E869-2A83-4080-9614-7DEDE0257C27}.Debug|x86.ActiveCfg = Debug|Win32
		{8022E869-2A83-4080-9614-7DEDE0257C27}.Debug|x86.Build.0 = Debug|Win32
		{8022E869-2A83-4080-9614-7DEDE0257C27}.Release|x64.ActiveCfg = Release|x64
		{8022E869-2A83-4080-9614-7DEDE0257C27}.Release|x64.Build.0 = Release|x64
		{8022E869-2A83-4080-9614-7DEDE0257C27}.Release|x86.ActiveCfg = Release|Win32
		{8022E869-2A83-4080-9614-7DEDE0257C27}.Release|x86.Build.0 = Release|Win32
	EndGlobalSection
	GlobalSection(SolutionProperties) = preSolution
		HideSolutionNode = FALSE
	EndGlobalSection
	GlobalSection(ExtensibilityGlobals) = postSolution
		SolutionGuid = {51037740-35FA-4A1C-AC24-931F78F994D4}
	EndGlobalSection
EndGlobal
